
Microsoft Visual Studio Solution File, Format Version 12.00
# Visual Studio Version 16
VisualStudioVersion = 16.0.32106.194
MinimumVisualStudioVersion = 10.0.40219.1
Project("{FAE04EC0-301F-11D3-BF4B-00C04F79EFBC}") = "PostgreSQLwithASP", "PostgreSQLwithASP.csproj", "{3A4E82F7-03DE-4D35-9BCF-BFF2583356E5}"
EndProject
Global
	GlobalSection(SolutionConfigurationPlatforms) = preSolution
		Debug|Any CPU = Debug|Any CPU
		Release|Any CPU = Release|Any CPU
	EndGlobalSection
	GlobalSection(ProjectConfigurationPlatforms) = postSolution
		{3A4E82F7-03DE-4D35-9BCF-BFF2583356E5}.Debug|Any CPU.ActiveCfg = Debug|Any CPU
		{3A4E82F7-03DE-4D35-9BCF-BFF2583356E5}.Debug|Any CPU.Build.0 = Debug|Any CPU
		{3A4E82F7-03DE-4D35-9BCF-BFF2583356E5}.Release|Any CPU.ActiveCfg = Release|Any CPU
		{3A4E82F7-03DE-4D35-9BCF-BFF2583356E5}.Release|Any CPU.Build.0 = Release|Any CPU
	EndGlobalSection
	GlobalSection(SolutionProperties) = preSolution
		HideSolutionNode = FALSE
	EndGlobalSection
	GlobalSection(ExtensibilityGlobals) = postSolution
		SolutionGuid = {D295A830-A370-46E7-AED0-31EC8532396E}
	EndGlobalSection
EndGlobal
